{
  "originHash" : "628dc583c2ec3553d3250375da1a6c3a31c1dc7f6a5626032414f892d579c05a",
  "pins" : [
    {
      "identity" : "basekit",
      "kind" : "remoteSourceControl",
      "location" : "https://github.com/andyfinnell/BaseKit.git",
      "state" : {
        "branch" : "main",
        "revision" : "c7d76ff2a7d7de8282f4517d47310c02c588f5db"
      }
    },
    {
      "identity" : "swift-syntax",
      "kind" : "remoteSourceControl",
      "location" : "https://github.com/apple/swift-syntax.git",
      "state" : {
        "revision" : "0687f71944021d616d34d922343dcef086855920",
        "version" : "600.0.1"
      }
    }
  ],
  "version" : 3
}
